
Microsoft Visual Studio Solution File, Format Version 12.00
# Visual Studio Version 17
VisualStudioVersion = 17.1.32210.238
MinimumVisualStudioVersion = 10.0.40219.1
Project("{FAE04EC0-301F-11D3-BF4B-00C04F79EFBC}") = "LinkVault", "LinkVault\LinkVault.csproj", "{5863DFAF-AB8A-4D65-B7AC-11846D8D6180}"
EndProject
Project("{2150E333-8FDC-42A3-9474-1A3956D46DE8}") = "Solution Items", "Solution Items", "{A5482825-2F59-4ED3-881C-A0A8B4D924F9}"
	ProjectSection(SolutionItems) = preProject
		cdk.json = cdk.json
		commands.txt = commands.txt
	EndProjectSection
EndProject
Global
	GlobalSection(SolutionConfigurationPlatforms) = preSolution
		Debug|Any CPU = Debug|Any CPU
		Release|Any CPU = Release|Any CPU
	EndGlobalSection
	GlobalSection(ProjectConfigurationPlatforms) = postSolution
		{5863DFAF-AB8A-4D65-B7AC-11846D8D6180}.Debug|Any CPU.ActiveCfg = Debug|Any CPU
		{5863DFAF-AB8A-4D65-B7AC-11846D8D6180}.Debug|Any CPU.Build.0 = Debug|Any CPU
		{5863DFAF-AB8A-4D65-B7AC-11846D8D6180}.Release|Any CPU.ActiveCfg = Release|Any CPU
		{5863DFAF-AB8A-4D65-B7AC-11846D8D6180}.Release|Any CPU.Build.0 = Release|Any CPU
	EndGlobalSection
	GlobalSection(SolutionProperties) = preSolution
		HideSolutionNode = FALSE
	EndGlobalSection
	GlobalSection(ExtensibilityGlobals) = postSolution
		SolutionGuid = {4F8FCEB1-469D-4230-860C-3A57C0E2FFA4}
	EndGlobalSection
EndGlobal
